
Microsoft Visual Studio Solution File, Format Version 12.00
# Visual Studio Version 17
VisualStudioVersion = 17.5.002.0
MinimumVisualStudioVersion = 10.0.40219.1
Project("{9A19103F-16F7-4668-BE54-9A1E7A4F7556}") = "ProvaIndividual", "ProvaIndividual.csproj", "{4EFED508-9BA9-4273-9924-C4EB3FBA5CFC}"
EndProject
Global
	GlobalSection(SolutionConfigurationPlatforms) = preSolution
		Debug|Any CPU = Debug|Any CPU
		Release|Any CPU = Release|Any CPU
	EndGlobalSection
	GlobalSection(ProjectConfigurationPlatforms) = postSolution
		{4EFED508-9BA9-4273-9924-C4EB3FBA5CFC}.Debug|Any CPU.ActiveCfg = Debug|Any CPU
		{4EFED508-9BA9-4273-9924-C4EB3FBA5CFC}.Debug|Any CPU.Build.0 = Debug|Any CPU
		{4EFED508-9BA9-4273-9924-C4EB3FBA5CFC}.Release|Any CPU.ActiveCfg = Release|Any CPU
		{4EFED508-9BA9-4273-9924-C4EB3FBA5CFC}.Release|Any CPU.Build.0 = Release|Any CPU
	EndGlobalSection
	GlobalSection(SolutionProperties) = preSolution
		HideSolutionNode = FALSE
	EndGlobalSection
	GlobalSection(ExtensibilityGlobals) = postSolution
		SolutionGuid = {6E21FEA7-79BB-46AA-9115-61F6B932A9ED}
	EndGlobalSection
EndGlobal
